
Microsoft Visual Studio Solution File, Format Version 12.00
# Visual Studio Version 17
VisualStudioVersion = 17.4.33103.184
MinimumVisualStudioVersion = 10.0.40219.1
Project("{FAE04EC0-301F-11D3-BF4B-00C04F79EFBC}") = "mschreiber_Software2_c969Project", "mschreiber_Software2_c969Project.csproj", "{1611BB32-ECD4-486C-B682-E5D941C92971}"
EndProject
Global
	GlobalSection(SolutionConfigurationPlatforms) = preSolution
		Debug|Any CPU = Debug|Any CPU
		Release|Any CPU = Release|Any CPU
	EndGlobalSection
	GlobalSection(ProjectConfigurationPlatforms) = postSolution
		{1611BB32-ECD4-486C-B682-E5D941C92971}.Debug|Any CPU.ActiveCfg = Debug|Any CPU
		{1611BB32-ECD4-486C-B682-E5D941C92971}.Debug|Any CPU.Build.0 = Debug|Any CPU
		{1611BB32-ECD4-486C-B682-E5D941C92971}.Release|Any CPU.ActiveCfg = Release|Any CPU
		{1611BB32-ECD4-486C-B682-E5D941C92971}.Release|Any CPU.Build.0 = Release|Any CPU
	EndGlobalSection
	GlobalSection(SolutionProperties) = preSolution
		HideSolutionNode = FALSE
	EndGlobalSection
	GlobalSection(ExtensibilityGlobals) = postSolution
		SolutionGuid = {907A1CE2-23CF-47E3-9507-3EA4CDE58960}
	EndGlobalSection
EndGlobal
